
Microsoft Visual Studio Solution File, Format Version 12.00
# Visual Studio Version 16
VisualStudioVersion = 16.0.31424.327
MinimumVisualStudioVersion = 10.0.40219.1
Project("{FAE04EC0-301F-11D3-BF4B-00C04F79EFBC}") = "UsingAClassLibrary", "UsingAClassLibrary\UsingAClassLibrary.csproj", "{1895F54F-587D-4FB0-A0EC-484FD10238D2}"
EndProject
Project("{FAE04EC0-301F-11D3-BF4B-00C04F79EFBC}") = "ClassLibrary1", "ClassLibrary1\ClassLibrary1.csproj", "{88D7D039-47E9-4800-BCCA-103DE69CD8FB}"
EndProject
Global
	GlobalSection(SolutionConfigurationPlatforms) = preSolution
		Debug|Any CPU = Debug|Any CPU
		Debug|ARM = Debug|ARM
		Debug|ARM64 = Debug|ARM64
		Debug|x64 = Debug|x64
		Debug|x86 = Debug|x86
		Release|Any CPU = Release|Any CPU
		Release|ARM = Release|ARM
		Release|ARM64 = Release|ARM64
		Release|x64 = Release|x64
		Release|x86 = Release|x86
	EndGlobalSection
	GlobalSection(ProjectConfigurationPlatforms) = postSolution
		{1895F54F-587D-4FB0-A0EC-484FD10238D2}.Debug|Any CPU.ActiveCfg = Debug|x86
		{1895F54F-587D-4FB0-A0EC-484FD10238D2}.Debug|ARM.ActiveCfg = Debug|ARM
		{1895F54F-587D-4FB0-A0EC-484FD10238D2}.Debug|ARM.Build.0 = Debug|ARM
		{1895F54F-587D-4FB0-A0EC-484FD10238D2}.Debug|ARM.Deploy.0 = Debug|ARM
		{1895F54F-587D-4FB0-A0EC-484FD10238D2}.Debug|ARM64.ActiveCfg = Debug|ARM64
		{1895F54F-587D-4FB0-A0EC-484FD10238D2}.Debug|ARM64.Build.0 = Debug|ARM64
		{1895F54F-587D-4FB0-A0EC-484FD10238D2}.Debug|ARM64.Deploy.0 = Debug|ARM64
		{1895F54F-587D-4FB0-A0EC-484FD10238D2}.Debug|x64.ActiveCfg = Debug|x64
		{1895F54F-587D-4FB0-A0EC-484FD10238D2}.Debug|x64.Build.0 = Debug|x64
		{1895F54F-587D-4FB0-A0EC-484FD10238D2}.Debug|x64.Deploy.0 = Debug|x64
		{1895F54F-587D-4FB0-A0EC-484FD10238D2}.Debug|x86.ActiveCfg = Debug|x86
		{1895F54F-587D-4FB0-A0EC-484FD10238D2}.Debug|x86.Build.0 = Debug|x86
		{1895F54F-587D-4FB0-A0EC-484FD10238D2}.Debug|x86.Deploy.0 = Debug|x86
		{1895F54F-587D-4FB0-A0EC-484FD10238D2}.Release|Any CPU.ActiveCfg = Release|x86
		{1895F54F-587D-4FB0-A0EC-484FD10238D2}.Release|ARM.ActiveCfg = Release|ARM
		{1895F54F-587D-4FB0-A0EC-484FD10238D2}.Release|ARM.Build.0 = Release|ARM
		{1895F54F-587D-4FB0-A0EC-484FD10238D2}.Release|ARM.Deploy.0 = Release|ARM
		{1895F54F-587D-4FB0-A0EC-484FD10238D2}.Release|ARM64.ActiveCfg = Release|ARM64
		{1895F54F-587D-4FB0-A0EC-484FD10238D2}.Release|ARM64.Build.0 = Release|ARM64
		{1895F54F-587D-4FB0-A0EC-484FD10238D2}.Release|ARM64.Deploy.0 = Release|ARM64
		{1895F54F-587D-4FB0-A0EC-484FD10238D2}.Release|x64.ActiveCfg = Release|x64
		{1895F54F-587D-4FB0-A0EC-484FD10238D2}.Release|x64.Build.0 = Release|x64
		{1895F54F-587D-4FB0-A0EC-484FD10238D2}.Release|x64.Deploy.0 = Release|x64
		{1895F54F-587D-4FB0-A0EC-484FD10238D2}.Release|x86.ActiveCfg = Release|x86
		{1895F54F-587D-4FB0-A0EC-484FD10238D2}.Release|x86.Build.0 = Release|x86
		{1895F54F-587D-4FB0-A0EC-484FD10238D2}.Release|x86.Deploy.0 = Release|x86
		{88D7D039-47E9-4800-BCCA-103DE69CD8FB}.Debug|Any CPU.ActiveCfg = Debug|Any CPU
		{88D7D039-47E9-4800-BCCA-103DE69CD8FB}.Debug|Any CPU.Build.0 = Debug|Any CPU
		{88D7D039-47E9-4800-BCCA-103DE69CD8FB}.Debug|ARM.ActiveCfg = Debug|ARM
		{88D7D039-47E9-4800-BCCA-103DE69CD8FB}.Debug|ARM.Build.0 = Debug|ARM
		{88D7D039-47E9-4800-BCCA-103DE69CD8FB}.Debug|ARM64.ActiveCfg = Debug|ARM64
		{88D7D039-47E9-4800-BCCA-103DE69CD8FB}.Debug|ARM64.Build.0 = Debug|ARM64
		{88D7D039-47E9-4800-BCCA-103DE69CD8FB}.Debug|x64.ActiveCfg = Debug|x64
		{88D7D039-47E9-4800-BCCA-103DE69CD8FB}.Debug|x64.Build.0 = Debug|x64
		{88D7D039-47E9-4800-BCCA-103DE69CD8FB}.Debug|x86.ActiveCfg = Debug|x86
		{88D7D039-47E9-4800-BCCA-103DE69CD8FB}.Debug|x86.Build.0 = Debug|x86
		{88D7D039-47E9-4800-BCCA-103DE69CD8FB}.Release|Any CPU.ActiveCfg = Release|Any CPU
		{88D7D039-47E9-4800-BCCA-103DE69CD8FB}.Release|Any CPU.Build.0 = Release|Any CPU
		{88D7D039-47E9-4800-BCCA-103DE69CD8FB}.Release|ARM.ActiveCfg = Release|ARM
		{88D7D039-47E9-4800-BCCA-103DE69CD8FB}.Release|ARM.Build.0 = Release|ARM
		{88D7D039-47E9-4800-BCCA-103DE69CD8FB}.Release|ARM64.ActiveCfg = Release|ARM64
		{88D7D039-47E9-4800-BCCA-103DE69CD8FB}.Release|ARM64.Build.0 = Release|ARM64
		{88D7D039-47E9-4800-BCCA-103DE69CD8FB}.Release|x64.ActiveCfg = Release|x64
		{88D7D039-47E9-4800-BCCA-103DE69CD8FB}.Release|x64.Build.0 = Release|x64
		{88D7D039-47E9-4800-BCCA-103DE69CD8FB}.Release|x86.ActiveCfg = Release|x86
		{88D7D039-47E9-4800-BCCA-103DE69CD8FB}.Release|x86.Build.0 = Release|x86
	EndGlobalSection
	GlobalSection(SolutionProperties) = preSolution
		HideSolutionNode = FALSE
	EndGlobalSection
	GlobalSection(ExtensibilityGlobals) = postSolution
		SolutionGuid = {6000AF93-00E1-4062-919C-ED3669468902}
	EndGlobalSection
EndGlobal
